
Microsoft Visual Studio Solution File, Format Version 12.00
# Visual Studio Version 17
VisualStudioVersion = 17.9.34728.123
MinimumVisualStudioVersion = 10.0.40219.1
Project("{9A19103F-16F7-4668-BE54-9A1E7A4F7556}") = "UI Design", "UI Design\UI Design.csproj", "{86994250-DF2E-44F0-B66A-39A07C8E1575}"
EndProject
Project("{FAE04EC0-301F-11D3-BF4B-00C04F79EFBC}") = "ShopSmartAPI", "ShopSmartAPI\ShopSmartAPI.csproj", "{0B8DF4F9-AD07-4D13-8DAD-CF73CCA1CA3A}"
EndProject
Global
	GlobalSection(SolutionConfigurationPlatforms) = preSolution
		Debug|Any CPU = Debug|Any CPU
		Release|Any CPU = Release|Any CPU
	EndGlobalSection
	GlobalSection(ProjectConfigurationPlatforms) = postSolution
		{86994250-DF2E-44F0-B66A-39A07C8E1575}.Debug|Any CPU.ActiveCfg = Debug|Any CPU
		{86994250-DF2E-44F0-B66A-39A07C8E1575}.Debug|Any CPU.Build.0 = Debug|Any CPU
		{86994250-DF2E-44F0-B66A-39A07C8E1575}.Release|Any CPU.ActiveCfg = Release|Any CPU
		{86994250-DF2E-44F0-B66A-39A07C8E1575}.Release|Any CPU.Build.0 = Release|Any CPU
		{0B8DF4F9-AD07-4D13-8DAD-CF73CCA1CA3A}.Debug|Any CPU.ActiveCfg = Debug|Any CPU
		{0B8DF4F9-AD07-4D13-8DAD-CF73CCA1CA3A}.Debug|Any CPU.Build.0 = Debug|Any CPU
		{0B8DF4F9-AD07-4D13-8DAD-CF73CCA1CA3A}.Release|Any CPU.ActiveCfg = Release|Any CPU
		{0B8DF4F9-AD07-4D13-8DAD-CF73CCA1CA3A}.Release|Any CPU.Build.0 = Release|Any CPU
	EndGlobalSection
	GlobalSection(SolutionProperties) = preSolution
		HideSolutionNode = FALSE
	EndGlobalSection
	GlobalSection(ExtensibilityGlobals) = postSolution
		SolutionGuid = {D007467B-F3AB-4E2F-B8BC-6ABDEE884297}
	EndGlobalSection
EndGlobal
